
Microsoft Visual Studio Solution File, Format Version 12.00
# Visual Studio Version 17
VisualStudioVersion = 17.13.35931.197
MinimumVisualStudioVersion = 10.0.40219.1
Project("{FAE04EC0-301F-11D3-BF4B-00C04F79EFBC}") = "GameOfLifeApi", "GameOfLifeApi\src\GameOfLifeApi.csproj", "{C2E08658-5713-46C8-80DB-D6B3FAB071F0}"
EndProject
Project("{FAE04EC0-301F-11D3-BF4B-00C04F79EFBC}") = "GameOfLifeApiTest", "GameOfLifeApi\tests\GameOfLifeApiTest.csproj", "{85B7620E-35D1-442E-A5DD-C380DA9AF782}"
EndProject
Global
	GlobalSection(SolutionConfigurationPlatforms) = preSolution
		Debug|Any CPU = Debug|Any CPU
		Release|Any CPU = Release|Any CPU
	EndGlobalSection
	GlobalSection(ProjectConfigurationPlatforms) = postSolution
		{C2E08658-5713-46C8-80DB-D6B3FAB071F0}.Debug|Any CPU.ActiveCfg = Debug|Any CPU
		{C2E08658-5713-46C8-80DB-D6B3FAB071F0}.Debug|Any CPU.Build.0 = Debug|Any CPU
		{C2E08658-5713-46C8-80DB-D6B3FAB071F0}.Release|Any CPU.ActiveCfg = Release|Any CPU
		{C2E08658-5713-46C8-80DB-D6B3FAB071F0}.Release|Any CPU.Build.0 = Release|Any CPU
		{85B7620E-35D1-442E-A5DD-C380DA9AF782}.Debug|Any CPU.ActiveCfg = Debug|Any CPU
		{85B7620E-35D1-442E-A5DD-C380DA9AF782}.Debug|Any CPU.Build.0 = Debug|Any CPU
		{85B7620E-35D1-442E-A5DD-C380DA9AF782}.Release|Any CPU.ActiveCfg = Release|Any CPU
		{85B7620E-35D1-442E-A5DD-C380DA9AF782}.Release|Any CPU.Build.0 = Release|Any CPU
	EndGlobalSection
	GlobalSection(SolutionProperties) = preSolution
		HideSolutionNode = FALSE
	EndGlobalSection
	GlobalSection(ExtensibilityGlobals) = postSolution
		SolutionGuid = {424244AA-9E02-4B9E-9AAC-DF5F82DCB215}
	EndGlobalSection
EndGlobal
